
Microsoft Visual Studio Solution File, Format Version 12.00
# Visual Studio Version 17
VisualStudioVersion = 17.14.36717.8 d17.14
MinimumVisualStudioVersion = 10.0.40219.1
Project("{FAE04EC0-301F-11D3-BF4B-00C04F79EFBC}") = "WebApi", "WebApi\WebApi.csproj", "{A8D24403-E9D6-466F-B185-78A82C25D586}"
EndProject
Project("{FAE04EC0-301F-11D3-BF4B-00C04F79EFBC}") = "Application", "Application\Application.csproj", "{ADCCA7A6-83EE-47AB-AA12-8997E8F4638E}"
EndProject
Project("{FAE04EC0-301F-11D3-BF4B-00C04F79EFBC}") = "Domain", "Domain\Domain.csproj", "{F78F3F44-553C-43FF-B8C2-FFC735FBD17A}"
EndProject
Project("{FAE04EC0-301F-11D3-BF4B-00C04F79EFBC}") = "Infrastructure", "Infrastructure\Infrastructure.csproj", "{57DFA459-A2C8-4391-B522-A24552E34170}"
EndProject
Global
	GlobalSection(SolutionConfigurationPlatforms) = preSolution
		Debug|Any CPU = Debug|Any CPU
		Release|Any CPU = Release|Any CPU
	EndGlobalSection
	GlobalSection(ProjectConfigurationPlatforms) = postSolution
		{A8D24403-E9D6-466F-B185-78A82C25D586}.Debug|Any CPU.ActiveCfg = Debug|Any CPU
		{A8D24403-E9D6-466F-B185-78A82C25D586}.Debug|Any CPU.Build.0 = Debug|Any CPU
		{A8D24403-E9D6-466F-B185-78A82C25D586}.Release|Any CPU.ActiveCfg = Release|Any CPU
		{A8D24403-E9D6-466F-B185-78A82C25D586}.Release|Any CPU.Build.0 = Release|Any CPU
		{ADCCA7A6-83EE-47AB-AA12-8997E8F4638E}.Debug|Any CPU.ActiveCfg = Debug|Any CPU
		{ADCCA7A6-83EE-47AB-AA12-8997E8F4638E}.Debug|Any CPU.Build.0 = Debug|Any CPU
		{ADCCA7A6-83EE-47AB-AA12-8997E8F4638E}.Release|Any CPU.ActiveCfg = Release|Any CPU
		{ADCCA7A6-83EE-47AB-AA12-8997E8F4638E}.Release|Any CPU.Build.0 = Release|Any CPU
		{F78F3F44-553C-43FF-B8C2-FFC735FBD17A}.Debug|Any CPU.ActiveCfg = Debug|Any CPU
		{F78F3F44-553C-43FF-B8C2-FFC735FBD17A}.Debug|Any CPU.Build.0 = Debug|Any CPU
		{F78F3F44-553C-43FF-B8C2-FFC735FBD17A}.Release|Any CPU.ActiveCfg = Release|Any CPU
		{F78F3F44-553C-43FF-B8C2-FFC735FBD17A}.Release|Any CPU.Build.0 = Release|Any CPU
		{57DFA459-A2C8-4391-B522-A24552E34170}.Debug|Any CPU.ActiveCfg = Debug|Any CPU
		{57DFA459-A2C8-4391-B522-A24552E34170}.Debug|Any CPU.Build.0 = Debug|Any CPU
		{57DFA459-A2C8-4391-B522-A24552E34170}.Release|Any CPU.ActiveCfg = Release|Any CPU
		{57DFA459-A2C8-4391-B522-A24552E34170}.Release|Any CPU.Build.0 = Release|Any CPU
	EndGlobalSection
	GlobalSection(SolutionProperties) = preSolution
		HideSolutionNode = FALSE
	EndGlobalSection
	GlobalSection(ExtensibilityGlobals) = postSolution
		SolutionGuid = {2573648C-1E28-4F32-B9EA-4E80F2FACB84}
	EndGlobalSection
EndGlobal
